// !$*UTF8*$!
{
	archiveVersion = 1;
	classes = {
	};
	objectVersion = 50;
	objects = {

/* Begin PBXBuildFile section */
		2AC535D1723E442827BA967A /* Pods_MuSound_3UITests.framework in Frameworks */ = {isa = PBXBuildFile; fileRef = 42B4A51ECCBFF2FB51041B2C /* Pods_MuSound_3UITests.framework */; };
		67FFC41EC0CFD0B1658B4A1B /* Pods_MuSound_3Tests.framework in Frameworks */ = {isa = PBXBuildFile; fileRef = 0E3A36857C19D5FA22ECDD03 /* Pods_MuSound_3Tests.framework */; };
		68CE9393FB5E375E3B7032EE /* Pods_MuSound_3.framework in Frameworks */ = {isa = PBXBuildFile; fileRef = 08969787DB9D3F8A7034236F /* Pods_MuSound_3.framework */; };
		846D9FB822AA8AB500E2506C /* LocalPostsCollectionViewCell.swift in Sources */ = {isa = PBXBuildFile; fileRef = 846D9FB722AA8AB500E2506C /* LocalPostsCollectionViewCell.swift */; };
		846D9FC322AA8E2200E2506C /* MainCollectionViewCell.swift in Sources */ = {isa = PBXBuildFile; fileRef = 846D9FC222AA8E2200E2506C /* MainCollectionViewCell.swift */; };
		848F63FA22B10103008B5281 /* PostMetaData+CoreDataClass.swift in Sources */ = {isa = PBXBuildFile; fileRef = 848F63F822B10103008B5281 /* PostMetaData+CoreDataClass.swift */; };
		848F63FB22B10103008B5281 /* PostMetaData+CoreDataProperties.swift in Sources */ = {isa = PBXBuildFile; fileRef = 848F63F922B10103008B5281 /* PostMetaData+CoreDataProperties.swift */; };
		84D6D6B2229AC75900C59905 /* AppDelegate.swift in Sources */ = {isa = PBXBuildFile; fileRef = 84D6D6B1229AC75900C59905 /* AppDelegate.swift */; };
		84D6D6BA229AC75900C59905 /* PostMetaData.xcdatamodeld in Sources */ = {isa = PBXBuildFile; fileRef = 84D6D6B8229AC75900C59905 /* PostMetaData.xcdatamodeld */; };
		84D6D6BC229AC75A00C59905 /* Assets.xcassets in Resources */ = {isa = PBXBuildFile; fileRef = 84D6D6BB229AC75A00C59905 /* Assets.xcassets */; };
		84D6D6BF229AC75A00C59905 /* LaunchScreen.storyboard in Resources */ = {isa = PBXBuildFile; fileRef = 84D6D6BD229AC75A00C59905 /* LaunchScreen.storyboard */; };
		84D6D6CA229AC75A00C59905 /* MuSound_3Tests.swift in Sources */ = {isa = PBXBuildFile; fileRef = 84D6D6C9229AC75A00C59905 /* MuSound_3Tests.swift */; };
		84D6D6D5229AC75A00C59905 /* MuSound_3UITests.swift in Sources */ = {isa = PBXBuildFile; fileRef = 84D6D6D4229AC75A00C59905 /* MuSound_3UITests.swift */; };
		84DE586F229C1BE30046AD06 /* GoogleService-Info.plist in Resources */ = {isa = PBXBuildFile; fileRef = 84DE586E229C1BE30046AD06 /* GoogleService-Info.plist */; };
		84F54216229AD38E00FEFD21 /* UserDetailViewController.swift in Sources */ = {isa = PBXBuildFile; fileRef = 84F5420A229AD38D00FEFD21 /* UserDetailViewController.swift */; };
		84F54217229AD38E00FEFD21 /* EventsViewController.swift in Sources */ = {isa = PBXBuildFile; fileRef = 84F5420B229AD38D00FEFD21 /* EventsViewController.swift */; };
		84F54218229AD38E00FEFD21 /* RegisterViewController.swift in Sources */ = {isa = PBXBuildFile; fileRef = 84F5420C229AD38D00FEFD21 /* RegisterViewController.swift */; };
		84F54219229AD38E00FEFD21 /* ForthViewController.swift in Sources */ = {isa = PBXBuildFile; fileRef = 84F5420D229AD38D00FEFD21 /* ForthViewController.swift */; };
		84F5421A229AD38E00FEFD21 /* LocalPostsViewController.swift in Sources */ = {isa = PBXBuildFile; fileRef = 84F5420E229AD38D00FEFD21 /* LocalPostsViewController.swift */; };
		84F5421C229AD38E00FEFD21 /* MainViewController.swift in Sources */ = {isa = PBXBuildFile; fileRef = 84F54210229AD38E00FEFD21 /* MainViewController.swift */; };
		84F5421D229AD38E00FEFD21 /* ProfileCollectionViewCell.swift in Sources */ = {isa = PBXBuildFile; fileRef = 84F54211229AD38E00FEFD21 /* ProfileCollectionViewCell.swift */; };
		84F5421E229AD38E00FEFD21 /* StartViewController.swift in Sources */ = {isa = PBXBuildFile; fileRef = 84F54212229AD38E00FEFD21 /* StartViewController.swift */; };
		84F5421F229AD38E00FEFD21 /* Main.storyboard in Resources */ = {isa = PBXBuildFile; fileRef = 84F54213229AD38E00FEFD21 /* Main.storyboard */; };
		84F54220229AD38E00FEFD21 /* AddPostsViewController.swift in Sources */ = {isa = PBXBuildFile; fileRef = 84F54214229AD38E00FEFD21 /* AddPostsViewController.swift */; };
		84F54221229AD38E00FEFD21 /* ScrollViewController.swift in Sources */ = {isa = PBXBuildFile; fileRef = 84F54215229AD38E00FEFD21 /* ScrollViewController.swift */; };
/* End PBXBuildFile section */

/* Begin PBXContainerItemProxy section */
		84D6D6C6229AC75A00C59905 /* PBXContainerItemProxy */ = {
			isa = PBXContainerItemProxy;
			containerPortal = 84D6D6A6229AC75900C59905 /* Project object */;
			proxyType = 1;
			remoteGlobalIDString = 84D6D6AD229AC75900C59905;
			remoteInfo = MuSound_3;
		};
		84D6D6D1229AC75A00C59905 /* PBXContainerItemProxy */ = {
			isa = PBXContainerItemProxy;
			containerPortal = 84D6D6A6229AC75900C59905 /* Project object */;
			proxyType = 1;
			remoteGlobalIDString = 84D6D6AD229AC75900C59905;
			remoteInfo = MuSound_3;
		};
/* End PBXContainerItemProxy section */

/* Begin PBXFileReference section */
		08969787DB9D3F8A7034236F /* Pods_MuSound_3.framework */ = {isa = PBXFileReference; explicitFileType = wrapper.framework; includeInIndex = 0; path = Pods_MuSound_3.framework; sourceTree = BUILT_PRODUCTS_DIR; };
		0E3A36857C19D5FA22ECDD03 /* Pods_MuSound_3Tests.framework */ = {isa = PBXFileReference; explicitFileType = wrapper.framework; includeInIndex = 0; path = Pods_MuSound_3Tests.framework; sourceTree = BUILT_PRODUCTS_DIR; };
		2B41D2906B7E12B210278173 /* Pods-MuSound_3Tests.release.xcconfig */ = {isa = PBXFileReference; includeInIndex = 1; lastKnownFileType = text.xcconfig; name = "Pods-MuSound_3Tests.release.xcconfig"; path = "Pods/Target Support Files/Pods-MuSound_3Tests/Pods-MuSound_3Tests.release.xcconfig"; sourceTree = "<group>"; };
		41E83C49E21839AFB1747B2C /* Pods-MuSound_3UITests.release.xcconfig */ = {isa = PBXFileReference; includeInIndex = 1; lastKnownFileType = text.xcconfig; name = "Pods-MuSound_3UITests.release.xcconfig"; path = "Pods/Target Support Files/Pods-MuSound_3UITests/Pods-MuSound_3UITests.release.xcconfig"; sourceTree = "<group>"; };
		42B4A51ECCBFF2FB51041B2C /* Pods_MuSound_3UITests.framework */ = {isa = PBXFileReference; explicitFileType = wrapper.framework; includeInIndex = 0; path = Pods_MuSound_3UITests.framework; sourceTree = BUILT_PRODUCTS_DIR; };
		5DAB3FA4458CF6DDAF61A6B3 /* Pods-MuSound_3UITests.debug.xcconfig */ = {isa = PBXFileReference; includeInIndex = 1; lastKnownFileType = text.xcconfig; name = "Pods-MuSound_3UITests.debug.xcconfig"; path = "Pods/Target Support Files/Pods-MuSound_3UITests/Pods-MuSound_3UITests.debug.xcconfig"; sourceTree = "<group>"; };
		846D9FB722AA8AB500E2506C /* LocalPostsCollectionViewCell.swift */ = {isa = PBXFileReference; lastKnownFileType = sourcecode.swift; path = LocalPostsCollectionViewCell.swift; sourceTree = "<group>"; };
		846D9FC222AA8E2200E2506C /* MainCollectionViewCell.swift */ = {isa = PBXFileReference; fileEncoding = 4; lastKnownFileType = sourcecode.swift; path = MainCollectionViewCell.swift; sourceTree = "<group>"; };
		848F63F822B10103008B5281 /* PostMetaData+CoreDataClass.swift */ = {isa = PBXFileReference; lastKnownFileType = sourcecode.swift; path = "PostMetaData+CoreDataClass.swift"; sourceTree = "<group>"; };
		848F63F922B10103008B5281 /* PostMetaData+CoreDataProperties.swift */ = {isa = PBXFileReference; lastKnownFileType = sourcecode.swift; path = "PostMetaData+CoreDataProperties.swift"; sourceTree = "<group>"; };
		84D6D6AE229AC75900C59905 /* MuSound_3.app */ = {isa = PBXFileReference; explicitFileType = wrapper.application; includeInIndex = 0; path = MuSound_3.app; sourceTree = BUILT_PRODUCTS_DIR; };
		84D6D6B1229AC75900C59905 /* AppDelegate.swift */ = {isa = PBXFileReference; lastKnownFileType = sourcecode.swift; path = AppDelegate.swift; sourceTree = "<group>"; };
		84D6D6B9229AC75900C59905 /* PostMetaData.xcdatamodel */ = {isa = PBXFileReference; lastKnownFileType = wrapper.xcdatamodel; path = PostMetaData.xcdatamodel; sourceTree = "<group>"; };
		84D6D6BB229AC75A00C59905 /* Assets.xcassets */ = {isa = PBXFileReference; lastKnownFileType = folder.assetcatalog; path = Assets.xcassets; sourceTree = "<group>"; };
		84D6D6BE229AC75A00C59905 /* Base */ = {isa = PBXFileReference; lastKnownFileType = file.storyboard; name = Base; path = Base.lproj/LaunchScreen.storyboard; sourceTree = "<group>"; };
		84D6D6C0229AC75A00C59905 /* Info.plist */ = {isa = PBXFileReference; lastKnownFileType = text.plist.xml; path = Info.plist; sourceTree = "<group>"; };
		84D6D6C5229AC75A00C59905 /* MuSound_3Tests.xctest */ = {isa = PBXFileReference; explicitFileType = wrapper.cfbundle; includeInIndex = 0; path = MuSound_3Tests.xctest; sourceTree = BUILT_PRODUCTS_DIR; };
		84D6D6C9229AC75A00C59905 /* MuSound_3Tests.swift */ = {isa = PBXFileReference; lastKnownFileType = sourcecode.swift; path = MuSound_3Tests.swift; sourceTree = "<group>"; };
		84D6D6CB229AC75A00C59905 /* Info.plist */ = {isa = PBXFileReference; lastKnownFileType = text.plist.xml; path = Info.plist; sourceTree = "<group>"; };
		84D6D6D0229AC75A00C59905 /* MuSound_3UITests.xctest */ = {isa = PBXFileReference; explicitFileType = wrapper.cfbundle; includeInIndex = 0; path = MuSound_3UITests.xctest; sourceTree = BUILT_PRODUCTS_DIR; };
		84D6D6D4229AC75A00C59905 /* MuSound_3UITests.swift */ = {isa = PBXFileReference; lastKnownFileType = sourcecode.swift; path = MuSound_3UITests.swift; sourceTree = "<group>"; };
		84D6D6D6229AC75A00C59905 /* Info.plist */ = {isa = PBXFileReference; lastKnownFileType = text.plist.xml; path = Info.plist; sourceTree = "<group>"; };
		84DE586E229C1BE30046AD06 /* GoogleService-Info.plist */ = {isa = PBXFileReference; fileEncoding = 4; lastKnownFileType = text.plist.xml; path = "GoogleService-Info.plist"; sourceTree = "<group>"; };
		84F5420A229AD38D00FEFD21 /* UserDetailViewController.swift */ = {isa = PBXFileReference; fileEncoding = 4; lastKnownFileType = sourcecode.swift; path = UserDetailViewController.swift; sourceTree = "<group>"; };
		84F5420B229AD38D00FEFD21 /* EventsViewController.swift */ = {isa = PBXFileReference; fileEncoding = 4; lastKnownFileType = sourcecode.swift; path = EventsViewController.swift; sourceTree = "<group>"; };
		84F5420C229AD38D00FEFD21 /* RegisterViewController.swift */ = {isa = PBXFileReference; fileEncoding = 4; lastKnownFileType = sourcecode.swift; path = RegisterViewController.swift; sourceTree = "<group>"; };
		84F5420D229AD38D00FEFD21 /* ForthViewController.swift */ = {isa = PBXFileReference; fileEncoding = 4; lastKnownFileType = sourcecode.swift; path = ForthViewController.swift; sourceTree = "<group>"; };
		84F5420E229AD38D00FEFD21 /* LocalPostsViewController.swift */ = {isa = PBXFileReference; fileEncoding = 4; lastKnownFileType = sourcecode.swift; path = LocalPostsViewController.swift; sourceTree = "<group>"; };
		84F54210229AD38E00FEFD21 /* MainViewController.swift */ = {isa = PBXFileReference; fileEncoding = 4; lastKnownFileType = sourcecode.swift; path = MainViewController.swift; sourceTree = "<group>"; };
		84F54211229AD38E00FEFD21 /* ProfileCollectionViewCell.swift */ = {isa = PBXFileReference; fileEncoding = 4; lastKnownFileType = sourcecode.swift; path = ProfileCollectionViewCell.swift; sourceTree = "<group>"; };
		84F54212229AD38E00FEFD21 /* StartViewController.swift */ = {isa = PBXFileReference; fileEncoding = 4; lastKnownFileType = sourcecode.swift; path = StartViewController.swift; sourceTree = "<group>"; };
		84F54213229AD38E00FEFD21 /* Main.storyboard */ = {isa = PBXFileReference; fileEncoding = 4; lastKnownFileType = file.storyboard; path = Main.storyboard; sourceTree = "<group>"; };
		84F54214229AD38E00FEFD21 /* AddPostsViewController.swift */ = {isa = PBXFileReference; fileEncoding = 4; lastKnownFileType = sourcecode.swift; path = AddPostsViewController.swift; sourceTree = "<group>"; };
		84F54215229AD38E00FEFD21 /* ScrollViewController.swift */ = {isa = PBXFileReference; fileEncoding = 4; lastKnownFileType = sourcecode.swift; path = ScrollViewController.swift; sourceTree = "<group>"; };
		89BB938649F99499B9B5BCEC /* Pods-MuSound_3Tests.debug.xcconfig */ = {isa = PBXFileReference; includeInIndex = 1; lastKnownFileType = text.xcconfig; name = "Pods-MuSound_3Tests.debug.xcconfig"; path = "Pods/Target Support Files/Pods-MuSound_3Tests/Pods-MuSound_3Tests.debug.xcconfig"; sourceTree = "<group>"; };
		B7FE5CEC93D6292C22D837F9 /* Pods-MuSound_3.debug.xcconfig */ = {isa = PBXFileReference; includeInIndex = 1; lastKnownFileType = text.xcconfig; name = "Pods-MuSound_3.debug.xcconfig"; path = "Pods/Target Support Files/Pods-MuSound_3/Pods-MuSound_3.debug.xcconfig"; sourceTree = "<group>"; };
		C2C9B99219893A4D96AD9B20 /* Pods-MuSound_3.release.xcconfig */ = {isa = PBXFileReference; includeInIndex = 1; lastKnownFileType = text.xcconfig; name = "Pods-MuSound_3.release.xcconfig"; path = "Pods/Target Support Files/Pods-MuSound_3/Pods-MuSound_3.release.xcconfig"; sourceTree = "<group>"; };
/* End PBXFileReference section */

/* Begin PBXFrameworksBuildPhase section */
		84D6D6AB229AC75900C59905 /* Frameworks */ = {
			isa = PBXFrameworksBuildPhase;
			buildActionMask = 2147483647;
			files = (
				68CE9393FB5E375E3B7032EE /* Pods_MuSound_3.framework in Frameworks */,
			);
			runOnlyForDeploymentPostprocessing = 0;
		};
		84D6D6C2229AC75A00C59905 /* Frameworks */ = {
			isa = PBXFrameworksBuildPhase;
			buildActionMask = 2147483647;
			files = (
				67FFC41EC0CFD0B1658B4A1B /* Pods_MuSound_3Tests.framework in Frameworks */,
			);
			runOnlyForDeploymentPostprocessing = 0;
		};
		84D6D6CD229AC75A00C59905 /* Frameworks */ = {
			isa = PBXFrameworksBuildPhase;
			buildActionMask = 2147483647;
			files = (
				2AC535D1723E442827BA967A /* Pods_MuSound_3UITests.framework in Frameworks */,
			);
			runOnlyForDeploymentPostprocessing = 0;
		};
/* End PBXFrameworksBuildPhase section */

/* Begin PBXGroup section */
		38DBAB7BCCD894B5C0D5B12B /* Frameworks */ = {
			isa = PBXGroup;
			children = (
				08969787DB9D3F8A7034236F /* Pods_MuSound_3.framework */,
				0E3A36857C19D5FA22ECDD03 /* Pods_MuSound_3Tests.framework */,
				42B4A51ECCBFF2FB51041B2C /* Pods_MuSound_3UITests.framework */,
			);
			name = Frameworks;
			sourceTree = "<group>";
		};
		846D9FB922AA8ABE00E2506C /* UserAuthentication */ = {
			isa = PBXGroup;
			children = (
				84F54212229AD38E00FEFD21 /* StartViewController.swift */,
				84F5420C229AD38D00FEFD21 /* RegisterViewController.swift */,
				84F5420A229AD38D00FEFD21 /* UserDetailViewController.swift */,
				84F54215229AD38E00FEFD21 /* ScrollViewController.swift */,
			);
			path = UserAuthentication;
			sourceTree = "<group>";
		};
		846D9FBA22AA8AE700E2506C /* MainPostView */ = {
			isa = PBXGroup;
			children = (
				846D9FC222AA8E2200E2506C /* MainCollectionViewCell.swift */,
				84F54210229AD38E00FEFD21 /* MainViewController.swift */,
				84F54214229AD38E00FEFD21 /* AddPostsViewController.swift */,
			);
			path = MainPostView;
			sourceTree = "<group>";
		};
		846D9FBE22AA8B4C00E2506C /* LocalPosts */ = {
			isa = PBXGroup;
			children = (
				84F5420E229AD38D00FEFD21 /* LocalPostsViewController.swift */,
				846D9FB722AA8AB500E2506C /* LocalPostsCollectionViewCell.swift */,
			);
			path = LocalPosts;
			sourceTree = "<group>";
		};
		846D9FC122AA8CD100E2506C /* UserProfile */ = {
			isa = PBXGroup;
			children = (
				84F5420D229AD38D00FEFD21 /* ForthViewController.swift */,
				84F54211229AD38E00FEFD21 /* ProfileCollectionViewCell.swift */,
			);
			path = UserProfile;
			sourceTree = "<group>";
		};
		848F63F722B100D9008B5281 /* Database */ = {
			isa = PBXGroup;
			children = (
				848F63F822B10103008B5281 /* PostMetaData+CoreDataClass.swift */,
				848F63F922B10103008B5281 /* PostMetaData+CoreDataProperties.swift */,
				84D6D6B8229AC75900C59905 /* PostMetaData.xcdatamodeld */,
			);
			path = Database;
			sourceTree = "<group>";
		};
		84D6D6A5229AC75900C59905 = {
			isa = PBXGroup;
			children = (
				84D6D6B0229AC75900C59905 /* MuSound_3 */,
				84D6D6C8229AC75A00C59905 /* MuSound_3Tests */,
				84D6D6D3229AC75A00C59905 /* MuSound_3UITests */,
				84D6D6AF229AC75900C59905 /* Products */,
				BC4691F85F399CB08B8E1843 /* Pods */,
				38DBAB7BCCD894B5C0D5B12B /* Frameworks */,
			);
			sourceTree = "<group>";
		};
		84D6D6AF229AC75900C59905 /* Products */ = {
			isa = PBXGroup;
			children = (
				84D6D6AE229AC75900C59905 /* MuSound_3.app */,
				84D6D6C5229AC75A00C59905 /* MuSound_3Tests.xctest */,
				84D6D6D0229AC75A00C59905 /* MuSound_3UITests.xctest */,
			);
			name = Products;
			sourceTree = "<group>";
		};
		84D6D6B0229AC75900C59905 /* MuSound_3 */ = {
			isa = PBXGroup;
			children = (
				848F63F722B100D9008B5281 /* Database */,
				846D9FB922AA8ABE00E2506C /* UserAuthentication */,
				846D9FBA22AA8AE700E2506C /* MainPostView */,
				846D9FBE22AA8B4C00E2506C /* LocalPosts */,
				84D6D6B1229AC75900C59905 /* AppDelegate.swift */,
				846D9FC122AA8CD100E2506C /* UserProfile */,
				84F5420B229AD38D00FEFD21 /* EventsViewController.swift */,
				84F54213229AD38E00FEFD21 /* Main.storyboard */,
				84D6D6BB229AC75A00C59905 /* Assets.xcassets */,
				84D6D6BD229AC75A00C59905 /* LaunchScreen.storyboard */,
				84DE586E229C1BE30046AD06 /* GoogleService-Info.plist */,
				84D6D6C0229AC75A00C59905 /* Info.plist */,
			);
			path = MuSound_3;
			sourceTree = "<group>";
		};
		84D6D6C8229AC75A00C59905 /* MuSound_3Tests */ = {
			isa = PBXGroup;
			children = (
				84D6D6C9229AC75A00C59905 /* MuSound_3Tests.swift */,
				84D6D6CB229AC75A00C59905 /* Info.plist */,
			);
			path = MuSound_3Tests;
			sourceTree = "<group>";
		};
		84D6D6D3229AC75A00C59905 /* MuSound_3UITests */ = {
			isa = PBXGroup;
			children = (
				84D6D6D4229AC75A00C59905 /* MuSound_3UITests.swift */,
				84D6D6D6229AC75A00C59905 /* Info.plist */,
			);
			path = MuSound_3UITests;
			sourceTree = "<group>";
		};
		BC4691F85F399CB08B8E1843 /* Pods */ = {
			isa = PBXGroup;
			children = (
				B7FE5CEC93D6292C22D837F9 /* Pods-MuSound_3.debug.xcconfig */,
				C2C9B99219893A4D96AD9B20 /* Pods-MuSound_3.release.xcconfig */,
				89BB938649F99499B9B5BCEC /* Pods-MuSound_3Tests.debug.xcconfig */,
				2B41D2906B7E12B210278173 /* Pods-MuSound_3Tests.release.xcconfig */,
				5DAB3FA4458CF6DDAF61A6B3 /* Pods-MuSound_3UITests.debug.xcconfig */,
				41E83C49E21839AFB1747B2C /* Pods-MuSound_3UITests.release.xcconfig */,
			);
			name = Pods;
			sourceTree = "<group>";
		};
/* End PBXGroup section */

/* Begin PBXNativeTarget section */
		84D6D6AD229AC75900C59905 /* MuSound_3 */ = {
			isa = PBXNativeTarget;
			buildConfigurationList = 84D6D6D9229AC75A00C59905 /* Build configuration list for PBXNativeTarget "MuSound_3" */;
			buildPhases = (
				78168FC8E087315607CAAC63 /* [CP] Check Pods Manifest.lock */,
				84D6D6AA229AC75900C59905 /* Sources */,
				84D6D6AB229AC75900C59905 /* Frameworks */,
				84D6D6AC229AC75900C59905 /* Resources */,
				DA70D87934EE177A992B7BAD /* [CP] Embed Pods Frameworks */,
			);
			buildRules = (
			);
			dependencies = (
			);
			name = MuSound_3;
			productName = MuSound_3;
			productReference = 84D6D6AE229AC75900C59905 /* MuSound_3.app */;
			productType = "com.apple.product-type.application";
		};
		84D6D6C4229AC75A00C59905 /* MuSound_3Tests */ = {
			isa = PBXNativeTarget;
			buildConfigurationList = 84D6D6DC229AC75A00C59905 /* Build configuration list for PBXNativeTarget "MuSound_3Tests" */;
			buildPhases = (
				6804683F9F258919FD2F1A7F /* [CP] Check Pods Manifest.lock */,
				84D6D6C1229AC75A00C59905 /* Sources */,
				84D6D6C2229AC75A00C59905 /* Frameworks */,
				84D6D6C3229AC75A00C59905 /* Resources */,
			);
			buildRules = (
			);
			dependencies = (
				84D6D6C7229AC75A00C59905 /* PBXTargetDependency */,
			);
			name = MuSound_3Tests;
			productName = MuSound_3Tests;
			productReference = 84D6D6C5229AC75A00C59905 /* MuSound_3Tests.xctest */;
			productType = "com.apple.product-type.bundle.unit-test";
		};
		84D6D6CF229AC75A00C59905 /* MuSound_3UITests */ = {
			isa = PBXNativeTarget;
			buildConfigurationList = 84D6D6DF229AC75A00C59905 /* Build configuration list for PBXNativeTarget "MuSound_3UITests" */;
			buildPhases = (
				46C9FFFC6CD13B89095E7A88 /* [CP] Check Pods Manifest.lock */,
				84D6D6CC229AC75A00C59905 /* Sources */,
				84D6D6CD229AC75A00C59905 /* Frameworks */,
				84D6D6CE229AC75A00C59905 /* Resources */,
			);
			buildRules = (
			);
			dependencies = (
				84D6D6D2229AC75A00C59905 /* PBXTargetDependency */,
			);
			name = MuSound_3UITests;
			productName = MuSound_3UITests;
			productReference = 84D6D6D0229AC75A00C59905 /* MuSound_3UITests.xctest */;
			productType = "com.apple.product-type.bundle.ui-testing";
		};
/* End PBXNativeTarget section */

/* Begin PBXProject section */
		84D6D6A6229AC75900C59905 /* Project object */ = {
			isa = PBXProject;
			attributes = {
				LastSwiftUpdateCheck = 1010;
				LastUpgradeCheck = 1010;
				ORGANIZATIONNAME = "Monash University";
				TargetAttributes = {
					84D6D6AD229AC75900C59905 = {
						CreatedOnToolsVersion = 10.1;
					};
					84D6D6C4229AC75A00C59905 = {
						CreatedOnToolsVersion = 10.1;
						TestTargetID = 84D6D6AD229AC75900C59905;
					};
					84D6D6CF229AC75A00C59905 = {
						CreatedOnToolsVersion = 10.1;
						TestTargetID = 84D6D6AD229AC75900C59905;
					};
				};
			};
			buildConfigurationList = 84D6D6A9229AC75900C59905 /* Build configuration list for PBXProject "MuSound_3" */;
			compatibilityVersion = "Xcode 9.3";
			developmentRegion = en;
			hasScannedForEncodings = 0;
			knownRegions = (
				en,
				Base,
			);
			mainGroup = 84D6D6A5229AC75900C59905;
			productRefGroup = 84D6D6AF229AC75900C59905 /* Products */;
			projectDirPath = "";
			projectRoot = "";
			targets = (
				84D6D6AD229AC75900C59905 /* MuSound_3 */,
				84D6D6C4229AC75A00C59905 /* MuSound_3Tests */,
				84D6D6CF229AC75A00C59905 /* MuSound_3UITests */,
			);
		};
/* End PBXProject section */

/* Begin PBXResourcesBuildPhase section */
		84D6D6AC229AC75900C59905 /* Resources */ = {
			isa = PBXResourcesBuildPhase;
			buildActionMask = 2147483647;
			files = (
				84D6D6BF229AC75A00C59905 /* LaunchScreen.storyboard in Resources */,
				84DE586F229C1BE30046AD06 /* GoogleService-Info.plist in Resources */,
				84D6D6BC229AC75A00C59905 /* Assets.xcassets in Resources */,
				84F5421F229AD38E00FEFD21 /* Main.storyboard in Resources */,
			);
			runOnlyForDeploymentPostprocessing = 0;
		};
		84D6D6C3229AC75A00C59905 /* Resources */ = {
			isa = PBXResourcesBuildPhase;
			buildActionMask = 2147483647;
			files = (
			);
			runOnlyForDeploymentPostprocessing = 0;
		};
		84D6D6CE229AC75A00C59905 /* Resources */ = {
			isa = PBXResourcesBuildPhase;
			buildActionMask = 2147483647;
			files = (
			);
			runOnlyForDeploymentPostprocessing = 0;
		};
/* End PBXResourcesBuildPhase section */

/* Begin PBXShellScriptBuildPhase section */
		46C9FFFC6CD13B89095E7A88 /* [CP] Check Pods Manifest.lock */ = {
			isa = PBXShellScriptBuildPhase;
			buildActionMask = 2147483647;
			files = (
			);
			inputPaths = (
				"${PODS_PODFILE_DIR_PATH}/Podfile.lock",
				"${PODS_ROOT}/Manifest.lock",
			);
			name = "[CP] Check Pods Manifest.lock";
			outputPaths = (
				"$(DERIVED_FILE_DIR)/Pods-MuSound_3UITests-checkManifestLockResult.txt",
			);
			runOnlyForDeploymentPostprocessing = 0;
			shellPath = /bin/sh;
			shellScript = "diff \"${PODS_PODFILE_DIR_PATH}/Podfile.lock\" \"${PODS_ROOT}/Manifest.lock\" > /dev/null\nif [ $? != 0 ] ; then\n    # print error to STDERR\n    echo \"error: The sandbox is not in sync with the Podfile.lock. Run 'pod install' or update your CocoaPods installation.\" >&2\n    exit 1\nfi\n# This output is used by Xcode 'outputs' to avoid re-running this script phase.\necho \"SUCCESS\" > \"${SCRIPT_OUTPUT_FILE_0}\"\n";
			showEnvVarsInLog = 0;
		};
		6804683F9F258919FD2F1A7F /* [CP] Check Pods Manifest.lock */ = {
			isa = PBXShellScriptBuildPhase;
			buildActionMask = 2147483647;
			files = (
			);
			inputPaths = (
				"${PODS_PODFILE_DIR_PATH}/Podfile.lock",
				"${PODS_ROOT}/Manifest.lock",
			);
			name = "[CP] Check Pods Manifest.lock";
			outputPaths = (
				"$(DERIVED_FILE_DIR)/Pods-MuSound_3Tests-checkManifestLockResult.txt",
			);
			runOnlyForDeploymentPostprocessing = 0;
			shellPath = /bin/sh;
			shellScript = "diff \"${PODS_PODFILE_DIR_PATH}/Podfile.lock\" \"${PODS_ROOT}/Manifest.lock\" > /dev/null\nif [ $? != 0 ] ; then\n    # print error to STDERR\n    echo \"error: The sandbox is not in sync with the Podfile.lock. Run 'pod install' or update your CocoaPods installation.\" >&2\n    exit 1\nfi\n# This output is used by Xcode 'outputs' to avoid re-running this script phase.\necho \"SUCCESS\" > \"${SCRIPT_OUTPUT_FILE_0}\"\n";
			showEnvVarsInLog = 0;
		};
		78168FC8E087315607CAAC63 /* [CP] Check Pods Manifest.lock */ = {
			isa = PBXShellScriptBuildPhase;
			buildActionMask = 2147483647;
			files = (
			);
			inputPaths = (
				"${PODS_PODFILE_DIR_PATH}/Podfile.lock",
				"${PODS_ROOT}/Manifest.lock",
			);
			name = "[CP] Check Pods Manifest.lock";
			outputPaths = (
				"$(DERIVED_FILE_DIR)/Pods-MuSound_3-checkManifestLockResult.txt",
			);
			runOnlyForDeploymentPostprocessing = 0;
			shellPath = /bin/sh;
			shellScript = "diff \"${PODS_PODFILE_DIR_PATH}/Podfile.lock\" \"${PODS_ROOT}/Manifest.lock\" > /dev/null\nif [ $? != 0 ] ; then\n    # print error to STDERR\n    echo \"error: The sandbox is not in sync with the Podfile.lock. Run 'pod install' or update your CocoaPods installation.\" >&2\n    exit 1\nfi\n# This output is used by Xcode 'outputs' to avoid re-running this script phase.\necho \"SUCCESS\" > \"${SCRIPT_OUTPUT_FILE_0}\"\n";
			showEnvVarsInLog = 0;
		};
		DA70D87934EE177A992B7BAD /* [CP] Embed Pods Frameworks */ = {
			isa = PBXShellScriptBuildPhase;
			buildActionMask = 2147483647;
			files = (
			);
			inputPaths = (
				"${SRCROOT}/Pods/Target Support Files/Pods-MuSound_3/Pods-MuSound_3-frameworks.sh",
				"${BUILT_PRODUCTS_DIR}/BoringSSL-GRPC/openssl_grpc.framework",
				"${BUILT_PRODUCTS_DIR}/GTMSessionFetcher/GTMSessionFetcher.framework",
				"${BUILT_PRODUCTS_DIR}/GoogleUtilities/GoogleUtilities.framework",
				"${BUILT_PRODUCTS_DIR}/Protobuf/Protobuf.framework",
				"${BUILT_PRODUCTS_DIR}/gRPC-C++/grpcpp.framework",
				"${BUILT_PRODUCTS_DIR}/gRPC-Core/grpc.framework",
				"${BUILT_PRODUCTS_DIR}/leveldb-library/leveldb.framework",
				"${BUILT_PRODUCTS_DIR}/nanopb/nanopb.framework",
			);
			name = "[CP] Embed Pods Frameworks";
			outputPaths = (
				"${TARGET_BUILD_DIR}/${FRAMEWORKS_FOLDER_PATH}/openssl_grpc.framework",
				"${TARGET_BUILD_DIR}/${FRAMEWORKS_FOLDER_PATH}/GTMSessionFetcher.framework",
				"${TARGET_BUILD_DIR}/${FRAMEWORKS_FOLDER_PATH}/GoogleUtilities.framework",
				"${TARGET_BUILD_DIR}/${FRAMEWORKS_FOLDER_PATH}/Protobuf.framework",
				"${TARGET_BUILD_DIR}/${FRAMEWORKS_FOLDER_PATH}/grpcpp.framework",
				"${TARGET_BUILD_DIR}/${FRAMEWORKS_FOLDER_PATH}/grpc.framework",
				"${TARGET_BUILD_DIR}/${FRAMEWORKS_FOLDER_PATH}/leveldb.framework",
				"${TARGET_BUILD_DIR}/${FRAMEWORKS_FOLDER_PATH}/nanopb.framework",
			);
			runOnlyForDeploymentPostprocessing = 0;
			shellPath = /bin/sh;
			shellScript = "\"${SRCROOT}/Pods/Target Support Files/Pods-MuSound_3/Pods-MuSound_3-frameworks.sh\"\n";
			showEnvVarsInLog = 0;
		};
/* End PBXShellScriptBuildPhase section */

/* Begin PBXSourcesBuildPhase section */
		84D6D6AA229AC75900C59905 /* Sources */ = {
			isa = PBXSourcesBuildPhase;
			buildActionMask = 2147483647;
			files = (
				84F54219229AD38E00FEFD21 /* ForthViewController.swift in Sources */,
				84D6D6BA229AC75900C59905 /* PostMetaData.xcdatamodeld in Sources */,
				848F63FB22B10103008B5281 /* PostMetaData+CoreDataProperties.swift in Sources */,
				84F54218229AD38E00FEFD21 /* RegisterViewController.swift in Sources */,
				84F5421D229AD38E00FEFD21 /* ProfileCollectionViewCell.swift in Sources */,
				848F63FA22B10103008B5281 /* PostMetaData+CoreDataClass.swift in Sources */,
				84F5421E229AD38E00FEFD21 /* StartViewController.swift in Sources */,
				84F54217229AD38E00FEFD21 /* EventsViewController.swift in Sources */,
				84F54221229AD38E00FEFD21 /* ScrollViewController.swift in Sources */,
				846D9FC322AA8E2200E2506C /* MainCollectionViewCell.swift in Sources */,
				84D6D6B2229AC75900C59905 /* AppDelegate.swift in Sources */,
				84F54220229AD38E00FEFD21 /* AddPostsViewController.swift in Sources */,
				84F5421C229AD38E00FEFD21 /* MainViewController.swift in Sources */,
				84F54216229AD38E00FEFD21 /* UserDetailViewController.swift in Sources */,
				846D9FB822AA8AB500E2506C /* LocalPostsCollectionViewCell.swift in Sources */,
				84F5421A229AD38E00FEFD21 /* LocalPostsViewController.swift in Sources */,
			);
			runOnlyForDeploymentPostprocessing = 0;
		};
		84D6D6C1229AC75A00C59905 /* Sources */ = {
			isa = PBXSourcesBuildPhase;
			buildActionMask = 2147483647;
			files = (
				84D6D6CA229AC75A00C59905 /* MuSound_3Tests.swift in Sources */,
			);
			runOnlyForDeploymentPostprocessing = 0;
		};
		84D6D6CC229AC75A00C59905 /* Sources */ = {
			isa = PBXSourcesBuildPhase;
			buildActionMask = 2147483647;
			files = (
				84D6D6D5229AC75A00C59905 /* MuSound_3UITests.swift in Sources */,
			);
			runOnlyForDeploymentPostprocessing = 0;
		};
/* End PBXSourcesBuildPhase section */

/* Begin PBXTargetDependency section */
		84D6D6C7229AC75A00C59905 /* PBXTargetDependency */ = {
			isa = PBXTargetDependency;
			target = 84D6D6AD229AC75900C59905 /* MuSound_3 */;
			targetProxy = 84D6D6C6229AC75A00C59905 /* PBXContainerItemProxy */;
		};
		84D6D6D2229AC75A00C59905 /* PBXTargetDependency */ = {
			isa = PBXTargetDependency;
			target = 84D6D6AD229AC75900C59905 /* MuSound_3 */;
			targetProxy = 84D6D6D1229AC75A00C59905 /* PBXContainerItemProxy */;
		};
/* End PBXTargetDependency section */

/* Begin PBXVariantGroup section */
		84D6D6BD229AC75A00C59905 /* LaunchScreen.storyboard */ = {
			isa = PBXVariantGroup;
			children = (
				84D6D6BE229AC75A00C59905 /* Base */,
			);
			name = LaunchScreen.storyboard;
			sourceTree = "<group>";
		};
/* End PBXVariantGroup section */

/* Begin XCBuildConfiguration section */
		84D6D6D7229AC75A00C59905 /* Debug */ = {
			isa = XCBuildConfiguration;
			buildSettings = {
				ALWAYS_SEARCH_USER_PATHS = NO;
				CLANG_ANALYZER_NONNULL = YES;
				CLANG_ANALYZER_NUMBER_OBJECT_CONVERSION = YES_AGGRESSIVE;
				CLANG_CXX_LANGUAGE_STANDARD = "gnu++14";
				CLANG_CXX_LIBRARY = "libc++";
				CLANG_ENABLE_MODULES = YES;
				CLANG_ENABLE_OBJC_ARC = YES;
				CLANG_ENABLE_OBJC_WEAK = YES;
				CLANG_WARN_BLOCK_CAPTURE_AUTORELEASING = YES;
				CLANG_WARN_BOOL_CONVERSION = YES;
				CLANG_WARN_COMMA = YES;
				CLANG_WARN_CONSTANT_CONVERSION = YES;
				CLANG_WARN_DEPRECATED_OBJC_IMPLEMENTATIONS = YES;
				CLANG_WARN_DIRECT_OBJC_ISA_USAGE = YES_ERROR;
				CLANG_WARN_DOCUMENTATION_COMMENTS = YES;
				CLANG_WARN_EMPTY_BODY = YES;
				CLANG_WARN_ENUM_CONVERSION = YES;
				CLANG_WARN_INFINITE_RECURSION = YES;
				CLANG_WARN_INT_CONVERSION = YES;
				CLANG_WARN_NON_LITERAL_NULL_CONVERSION = YES;
				CLANG_WARN_OBJC_IMPLICIT_RETAIN_SELF = YES;
				CLANG_WARN_OBJC_LITERAL_CONVERSION = YES;
				CLANG_WARN_OBJC_ROOT_CLASS = YES_ERROR;
				CLANG_WARN_RANGE_LOOP_ANALYSIS = YES;
				CLANG_WARN_STRICT_PROTOTYPES = YES;
				CLANG_WARN_SUSPICIOUS_MOVE = YES;
				CLANG_WARN_UNGUARDED_AVAILABILITY = YES_AGGRESSIVE;
				CLANG_WARN_UNREACHABLE_CODE = YES;
				CLANG_WARN__DUPLICATE_METHOD_MATCH = YES;
				CODE_SIGN_IDENTITY = "iPhone Developer";
				COPY_PHASE_STRIP = NO;
				DEBUG_INFORMATION_FORMAT = dwarf;
				ENABLE_STRICT_OBJC_MSGSEND = YES;
				ENABLE_TESTABILITY = YES;
				GCC_C_LANGUAGE_STANDARD = gnu11;
				GCC_DYNAMIC_NO_PIC = NO;
				GCC_NO_COMMON_BLOCKS = YES;
				GCC_OPTIMIZATION_LEVEL = 0;
				GCC_PREPROCESSOR_DEFINITIONS = (
					"DEBUG=1",
					"$(inherited)",
				);
				GCC_WARN_64_TO_32_BIT_CONVERSION = YES;
				GCC_WARN_ABOUT_RETURN_TYPE = YES_ERROR;
				GCC_WARN_UNDECLARED_SELECTOR = YES;
				GCC_WARN_UNINITIALIZED_AUTOS = YES_AGGRESSIVE;
				GCC_WARN_UNUSED_FUNCTION = YES;
				GCC_WARN_UNUSED_VARIABLE = YES;
				IPHONEOS_DEPLOYMENT_TARGET = 12.1;
				MTL_ENABLE_DEBUG_INFO = INCLUDE_SOURCE;
				MTL_FAST_MATH = YES;
				ONLY_ACTIVE_ARCH = YES;
				SDKROOT = iphoneos;
				SWIFT_ACTIVE_COMPILATION_CONDITIONS = DEBUG;
				SWIFT_OPTIMIZATION_LEVEL = "-Onone";
			};
			name = Debug;
		};
		84D6D6D8229AC75A00C59905 /* Release */ = {
			isa = XCBuildConfiguration;
			buildSettings = {
				ALWAYS_SEARCH_USER_PATHS = NO;
				CLANG_ANALYZER_NONNULL = YES;
				CLANG_ANALYZER_NUMBER_OBJECT_CONVERSION = YES_AGGRESSIVE;
				CLANG_CXX_LANGUAGE_STANDARD = "gnu++14";
				CLANG_CXX_LIBRARY = "libc++";
				CLANG_ENABLE_MODULES = YES;
				CLANG_ENABLE_OBJC_ARC = YES;
				CLANG_ENABLE_OBJC_WEAK = YES;
				CLANG_WARN_BLOCK_CAPTURE_AUTORELEASING = YES;
				CLANG_WARN_BOOL_CONVERSION = YES;
				CLANG_WARN_COMMA = YES;
				CLANG_WARN_CONSTANT_CONVERSION = YES;
				CLANG_WARN_DEPRECATED_OBJC_IMPLEMENTATIONS = YES;
				CLANG_WARN_DIRECT_OBJC_ISA_USAGE = YES_ERROR;
				CLANG_WARN_DOCUMENTATION_COMMENTS = YES;
				CLANG_WARN_EMPTY_BODY = YES;
				CLANG_WARN_ENUM_CONVERSION = YES;
				CLANG_WARN_INFINITE_RECURSION = YES;
				CLANG_WARN_INT_CONVERSION = YES;
				CLANG_WARN_NON_LITERAL_NULL_CONVERSION = YES;
				CLANG_WARN_OBJC_IMPLICIT_RETAIN_SELF = YES;
				CLANG_WARN_OBJC_LITERAL_CONVERSION = YES;
				CLANG_WARN_OBJC_ROOT_CLASS = YES_ERROR;
				CLANG_WARN_RANGE_LOOP_ANALYSIS = YES;
				CLANG_WARN_STRICT_PROTOTYPES = YES;
				CLANG_WARN_SUSPICIOUS_MOVE = YES;
				CLANG_WARN_UNGUARDED_AVAILABILITY = YES_AGGRESSIVE;
				CLANG_WARN_UNREACHABLE_CODE = YES;
				CLANG_WARN__DUPLICATE_METHOD_MATCH = YES;
				CODE_SIGN_IDENTITY = "iPhone Developer";
				COPY_PHASE_STRIP = NO;
				DEBUG_INFORMATION_FORMAT = "dwarf-with-dsym";
				ENABLE_NS_ASSERTIONS = NO;
				ENABLE_STRICT_OBJC_MSGSEND = YES;
				GCC_C_LANGUAGE_STANDARD = gnu11;
				GCC_NO_COMMON_BLOCKS = YES;
				GCC_WARN_64_TO_32_BIT_CONVERSION = YES;
				GCC_WARN_ABOUT_RETURN_TYPE = YES_ERROR;
				GCC_WARN_UNDECLARED_SELECTOR = YES;
				GCC_WARN_UNINITIALIZED_AUTOS = YES_AGGRESSIVE;
				GCC_WARN_UNUSED_FUNCTION = YES;
				GCC_WARN_UNUSED_VARIABLE = YES;
				IPHONEOS_DEPLOYMENT_TARGET = 12.1;
				MTL_ENABLE_DEBUG_INFO = NO;
				MTL_FAST_MATH = YES;
				SDKROOT = iphoneos;
				SWIFT_COMPILATION_MODE = wholemodule;
				SWIFT_OPTIMIZATION_LEVEL = "-O";
				VALIDATE_PRODUCT = YES;
			};
			name = Release;
		};
		84D6D6DA229AC75A00C59905 /* Debug */ = {
			isa = XCBuildConfiguration;
			baseConfigurationReference = B7FE5CEC93D6292C22D837F9 /* Pods-MuSound_3.debug.xcconfig */;
			buildSettings = {
				ASSETCATALOG_COMPILER_APPICON_NAME = AppIcon;
				CODE_SIGN_IDENTITY = "iPhone Developer";
				CODE_SIGN_STYLE = Automatic;
				DEVELOPMENT_TEAM = 9PGMHR2WJA;
				INFOPLIST_FILE = MuSound_3/Info.plist;
				LD_RUNPATH_SEARCH_PATHS = (
					"$(inherited)",
					"@executable_path/Frameworks",
				);
				PRODUCT_BUNDLE_IDENTIFIER = "Monash.MuSound-3";
				PRODUCT_NAME = "$(TARGET_NAME)";
				PROVISIONING_PROFILE_SPECIFIER = "";
				SWIFT_VERSION = 4.2;
				TARGETED_DEVICE_FAMILY = "1,2";
			};
			name = Debug;
		};
		84D6D6DB229AC75A00C59905 /* Release */ = {
			isa = XCBuildConfiguration;
			baseConfigurationReference = C2C9B99219893A4D96AD9B20 /* Pods-MuSound_3.release.xcconfig */;
			buildSettings = {
				ASSETCATALOG_COMPILER_APPICON_NAME = AppIcon;
				CODE_SIGN_IDENTITY = "iPhone Developer";
				CODE_SIGN_STYLE = Automatic;
				DEVELOPMENT_TEAM = 9PGMHR2WJA;
				INFOPLIST_FILE = MuSound_3/Info.plist;
				LD_RUNPATH_SEARCH_PATHS = (
					"$(inherited)",
					"@executable_path/Frameworks",
				);
				PRODUCT_BUNDLE_IDENTIFIER = "Monash.MuSound-3";
				PRODUCT_NAME = "$(TARGET_NAME)";
				PROVISIONING_PROFILE_SPECIFIER = "";
				SWIFT_VERSION = 4.2;
				TARGETED_DEVICE_FAMILY = "1,2";
			};
			name = Release;
		};
		84D6D6DD229AC75A00C59905 /* Debug */ = {
			isa = XCBuildConfiguration;
			baseConfigurationReference = 89BB938649F99499B9B5BCEC /* Pods-MuSound_3Tests.debug.xcconfig */;
			buildSettings = {
				ALWAYS_EMBED_SWIFT_STANDARD_LIBRARIES = YES;
				BUNDLE_LOADER = "$(TEST_HOST)";
				CODE_SIGN_STYLE = Automatic;
				DEVELOPMENT_TEAM = F6VL5455FX;
				INFOPLIST_FILE = MuSound_3Tests/Info.plist;
				LD_RUNPATH_SEARCH_PATHS = (
					"$(inherited)",
					"@executable_path/Frameworks",
					"@loader_path/Frameworks",
				);
				PRODUCT_BUNDLE_IDENTIFIER = "Monash.MuSound-3Tests";
				PRODUCT_NAME = "$(TARGET_NAME)";
				SWIFT_VERSION = 4.2;
				TARGETED_DEVICE_FAMILY = "1,2";
				TEST_HOST = "$(BUILT_PRODUCTS_DIR)/MuSound_3.app/MuSound_3";
			};
			name = Debug;
		};
		84D6D6DE229AC75A00C59905 /* Release */ = {
			isa = XCBuildConfiguration;
			baseConfigurationReference = 2B41D2906B7E12B210278173 /* Pods-MuSound_3Tests.release.xcconfig */;
			buildSettings = {
				ALWAYS_EMBED_SWIFT_STANDARD_LIBRARIES = YES;
				BUNDLE_LOADER = "$(TEST_HOST)";
				CODE_SIGN_STYLE = Automatic;
				DEVELOPMENT_TEAM = F6VL5455FX;
				INFOPLIST_FILE = MuSound_3Tests/Info.plist;
				LD_RUNPATH_SEARCH_PATHS = (
					"$(inherited)",
					"@executable_path/Frameworks",
					"@loader_path/Frameworks",
				);
				PRODUCT_BUNDLE_IDENTIFIER = "Monash.MuSound-3Tests";
				PRODUCT_NAME = "$(TARGET_NAME)";
				SWIFT_VERSION = 4.2;
				TARGETED_DEVICE_FAMILY = "1,2";
				TEST_HOST = "$(BUILT_PRODUCTS_DIR)/MuSound_3.app/MuSound_3";
			};
			name = Release;
		};
		84D6D6E0229AC75A00C59905 /* Debug */ = {
			isa = XCBuildConfiguration;
			baseConfigurationReference = 5DAB3FA4458CF6DDAF61A6B3 /* Pods-MuSound_3UITests.debug.xcconfig */;
			buildSettings = {
				ALWAYS_EMBED_SWIFT_STANDARD_LIBRARIES = YES;
				CODE_SIGN_STYLE = Automatic;
				DEVELOPMENT_TEAM = F6VL5455FX;
				INFOPLIST_FILE = MuSound_3UITests/Info.plist;
				LD_RUNPATH_SEARCH_PATHS = (
					"$(inherited)",
					"@executable_path/Frameworks",
					"@loader_path/Frameworks",
				);
				PRODUCT_BUNDLE_IDENTIFIER = "Monash.MuSound-3UITests";
				PRODUCT_NAME = "$(TARGET_NAME)";
				SWIFT_VERSION = 4.2;
				TARGETED_DEVICE_FAMILY = "1,2";
				TEST_TARGET_NAME = MuSound_3;
			};
			name = Debug;
		};
		84D6D6E1229AC75A00C59905 /* Release */ = {
			isa = XCBuildConfiguration;
			baseConfigurationReference = 41E83C49E21839AFB1747B2C /* Pods-MuSound_3UITests.release.xcconfig */;
			buildSettings = {
				ALWAYS_EMBED_SWIFT_STANDARD_LIBRARIES = YES;
				CODE_SIGN_STYLE = Automatic;
				DEVELOPMENT_TEAM = F6VL5455FX;
				INFOPLIST_FILE = MuSound_3UITests/Info.plist;
				LD_RUNPATH_SEARCH_PATHS = (
					"$(inherited)",
					"@executable_path/Frameworks",
					"@loader_path/Frameworks",
				);
				PRODUCT_BUNDLE_IDENTIFIER = "Monash.MuSound-3UITests";
				PRODUCT_NAME = "$(TARGET_NAME)";
				SWIFT_VERSION = 4.2;
				TARGETED_DEVICE_FAMILY = "1,2";
				TEST_TARGET_NAME = MuSound_3;
			};
			name = Release;
		};
/* End XCBuildConfiguration section */

/* Begin XCConfigurationList section */
		84D6D6A9229AC75900C59905 /* Build configuration list for PBXProject "MuSound_3" */ = {
			isa = XCConfigurationList;
			buildConfigurations = (
				84D6D6D7229AC75A00C59905 /* Debug */,
				84D6D6D8229AC75A00C59905 /* Release */,
			);
			defaultConfigurationIsVisible = 0;
			defaultConfigurationName = Release;
		};
		84D6D6D9229AC75A00C59905 /* Build configuration list for PBXNativeTarget "MuSound_3" */ = {
			isa = XCConfigurationList;
			buildConfigurations = (
				84D6D6DA229AC75A00C59905 /* Debug */,
				84D6D6DB229AC75A00C59905 /* Release */,
			);
			defaultConfigurationIsVisible = 0;
			defaultConfigurationName = Release;
		};
		84D6D6DC229AC75A00C59905 /* Build configuration list for PBXNativeTarget "MuSound_3Tests" */ = {
			isa = XCConfigurationList;
			buildConfigurations = (
				84D6D6DD229AC75A00C59905 /* Debug */,
				84D6D6DE229AC75A00C59905 /* Release */,
			);
			defaultConfigurationIsVisible = 0;
			defaultConfigurationName = Release;
		};
		84D6D6DF229AC75A00C59905 /* Build configuration list for PBXNativeTarget "MuSound_3UITests" */ = {
			isa = XCConfigurationList;
			buildConfigurations = (
				84D6D6E0229AC75A00C59905 /* Debug */,
				84D6D6E1229AC75A00C59905 /* Release */,
			);
			defaultConfigurationIsVisible = 0;
			defaultConfigurationName = Release;
		};
/* End XCConfigurationList section */

/* Begin XCVersionGroup section */
		84D6D6B8229AC75900C59905 /* PostMetaData.xcdatamodeld */ = {
			isa = XCVersionGroup;
			children = (
				84D6D6B9229AC75900C59905 /* PostMetaData.xcdatamodel */,
			);
			currentVersion = 84D6D6B9229AC75900C59905 /* PostMetaData.xcdatamodel */;
			path = PostMetaData.xcdatamodeld;
			sourceTree = "<group>";
			versionGroupType = wrapper.xcdatamodel;
		};
/* End XCVersionGroup section */
	};
	rootObject = 84D6D6A6229AC75900C59905 /* Project object */;
}
