// !$*UTF8*$!
{
	archiveVersion = 1;
	classes = {
	};
	objectVersion = 50;
	objects = {

/* Begin PBXBuildFile section */
		84D6D6B2229AC75900C59905 /* AppDelegate.swift in Sources */ = {isa = PBXBuildFile; fileRef = 84D6D6B1229AC75900C59905 /* AppDelegate.swift */; };
		84D6D6B4229AC75900C59905 /* ViewController.swift in Sources */ = {isa = PBXBuildFile; fileRef = 84D6D6B3229AC75900C59905 /* ViewController.swift */; };
		84D6D6B7229AC75900C59905 /* Main.storyboard in Resources */ = {isa = PBXBuildFile; fileRef = 84D6D6B5229AC75900C59905 /* Main.storyboard */; };
		84D6D6BA229AC75900C59905 /* MuSound_3.xcdatamodeld in Sources */ = {isa = PBXBuildFile; fileRef = 84D6D6B8229AC75900C59905 /* MuSound_3.xcdatamodeld */; };
		84D6D6BC229AC75A00C59905 /* Assets.xcassets in Resources */ = {isa = PBXBuildFile; fileRef = 84D6D6BB229AC75A00C59905 /* Assets.xcassets */; };
		84D6D6BF229AC75A00C59905 /* LaunchScreen.storyboard in Resources */ = {isa = PBXBuildFile; fileRef = 84D6D6BD229AC75A00C59905 /* LaunchScreen.storyboard */; };
		84D6D6CA229AC75A00C59905 /* MuSound_3Tests.swift in Sources */ = {isa = PBXBuildFile; fileRef = 84D6D6C9229AC75A00C59905 /* MuSound_3Tests.swift */; };
		84D6D6D5229AC75A00C59905 /* MuSound_3UITests.swift in Sources */ = {isa = PBXBuildFile; fileRef = 84D6D6D4229AC75A00C59905 /* MuSound_3UITests.swift */; };
/* End PBXBuildFile section */

/* Begin PBXContainerItemProxy section */
		84D6D6C6229AC75A00C59905 /* PBXContainerItemProxy */ = {
			isa = PBXContainerItemProxy;
			containerPortal = 84D6D6A6229AC75900C59905 /* Project object */;
			proxyType = 1;
			remoteGlobalIDString = 84D6D6AD229AC75900C59905;
			remoteInfo = MuSound_3;
		};
		84D6D6D1229AC75A00C59905 /* PBXContainerItemProxy */ = {
			isa = PBXContainerItemProxy;
			containerPortal = 84D6D6A6229AC75900C59905 /* Project object */;
			proxyType = 1;
			remoteGlobalIDString = 84D6D6AD229AC75900C59905;
			remoteInfo = MuSound_3;
		};
/* End PBXContainerItemProxy section */

/* Begin PBXFileReference section */
		84D6D6AE229AC75900C59905 /* MuSound_3.app */ = {isa = PBXFileReference; explicitFileType = wrapper.application; includeInIndex = 0; path = MuSound_3.app; sourceTree = BUILT_PRODUCTS_DIR; };
		84D6D6B1229AC75900C59905 /* AppDelegate.swift */ = {isa = PBXFileReference; lastKnownFileType = sourcecode.swift; path = AppDelegate.swift; sourceTree = "<group>"; };
		84D6D6B3229AC75900C59905 /* ViewController.swift */ = {isa = PBXFileReference; lastKnownFileType = sourcecode.swift; path = ViewController.swift; sourceTree = "<group>"; };
		84D6D6B6229AC75900C59905 /* Base */ = {isa = PBXFileReference; lastKnownFileType = file.storyboard; name = Base; path = Base.lproj/Main.storyboard; sourceTree = "<group>"; };
		84D6D6B9229AC75900C59905 /* MuSound_3.xcdatamodel */ = {isa = PBXFileReference; lastKnownFileType = wrapper.xcdatamodel; path = MuSound_3.xcdatamodel; sourceTree = "<group>"; };
		84D6D6BB229AC75A00C59905 /* Assets.xcassets */ = {isa = PBXFileReference; lastKnownFileType = folder.assetcatalog; path = Assets.xcassets; sourceTree = "<group>"; };
		84D6D6BE229AC75A00C59905 /* Base */ = {isa = PBXFileReference; lastKnownFileType = file.storyboard; name = Base; path = Base.lproj/LaunchScreen.storyboard; sourceTree = "<group>"; };
		84D6D6C0229AC75A00C59905 /* Info.plist */ = {isa = PBXFileReference; lastKnownFileType = text.plist.xml; path = Info.plist; sourceTree = "<group>"; };
		84D6D6C5229AC75A00C59905 /* MuSound_3Tests.xctest */ = {isa = PBXFileReference; explicitFileType = wrapper.cfbundle; includeInIndex = 0; path = MuSound_3Tests.xctest; sourceTree = BUILT_PRODUCTS_DIR; };
		84D6D6C9229AC75A00C59905 /* MuSound_3Tests.swift */ = {isa = PBXFileReference; lastKnownFileType = sourcecode.swift; path = MuSound_3Tests.swift; sourceTree = "<group>"; };
		84D6D6CB229AC75A00C59905 /* Info.plist */ = {isa = PBXFileReference; lastKnownFileType = text.plist.xml; path = Info.plist; sourceTree = "<group>"; };
		84D6D6D0229AC75A00C59905 /* MuSound_3UITests.xctest */ = {isa = PBXFileReference; explicitFileType = wrapper.cfbundle; includeInIndex = 0; path = MuSound_3UITests.xctest; sourceTree = BUILT_PRODUCTS_DIR; };
		84D6D6D4229AC75A00C59905 /* MuSound_3UITests.swift */ = {isa = PBXFileReference; lastKnownFileType = sourcecode.swift; path = MuSound_3UITests.swift; sourceTree = "<group>"; };
		84D6D6D6229AC75A00C59905 /* Info.plist */ = {isa = PBXFileReference; lastKnownFileType = text.plist.xml; path = Info.plist; sourceTree = "<group>"; };
/* End PBXFileReference section */

/* Begin PBXFrameworksBuildPhase section */
		84D6D6AB229AC75900C59905 /* Frameworks */ = {
			isa = PBXFrameworksBuildPhase;
			buildActionMask = 2147483647;
			files = (
			);
			runOnlyForDeploymentPostprocessing = 0;
		};
		84D6D6C2229AC75A00C59905 /* Frameworks */ = {
			isa = PBXFrameworksBuildPhase;
			buildActionMask = 2147483647;
			files = (
			);
			runOnlyForDeploymentPostprocessing = 0;
		};
		84D6D6CD229AC75A00C59905 /* Frameworks */ = {
			isa = PBXFrameworksBuildPhase;
			buildActionMask = 2147483647;
			files = (
			);
			runOnlyForDeploymentPostprocessing = 0;
		};
/* End PBXFrameworksBuildPhase section */

/* Begin PBXGroup section */
		84D6D6A5229AC75900C59905 = {
			isa = PBXGroup;
			children = (
				84D6D6B0229AC75900C59905 /* MuSound_3 */,
				84D6D6C8229AC75A00C59905 /* MuSound_3Tests */,
				84D6D6D3229AC75A00C59905 /* MuSound_3UITests */,
				84D6D6AF229AC75900C59905 /* Products */,
			);
			sourceTree = "<group>";
		};
		84D6D6AF229AC75900C59905 /* Products */ = {
			isa = PBXGroup;
			children = (
				84D6D6AE229AC75900C59905 /* MuSound_3.app */,
				84D6D6C5229AC75A00C59905 /* MuSound_3Tests.xctest */,
				84D6D6D0229AC75A00C59905 /* MuSound_3UITests.xctest */,
			);
			name = Products;
			sourceTree = "<group>";
		};
		84D6D6B0229AC75900C59905 /* MuSound_3 */ = {
			isa = PBXGroup;
			children = (
				84D6D6B1229AC75900C59905 /* AppDelegate.swift */,
				84D6D6B3229AC75900C59905 /* ViewController.swift */,
				84D6D6B5229AC75900C59905 /* Main.storyboard */,
				84D6D6BB229AC75A00C59905 /* Assets.xcassets */,
				84D6D6BD229AC75A00C59905 /* LaunchScreen.storyboard */,
				84D6D6C0229AC75A00C59905 /* Info.plist */,
				84D6D6B8229AC75900C59905 /* MuSound_3.xcdatamodeld */,
			);
			path = MuSound_3;
			sourceTree = "<group>";
		};
		84D6D6C8229AC75A00C59905 /* MuSound_3Tests */ = {
			isa = PBXGroup;
			children = (
				84D6D6C9229AC75A00C59905 /* MuSound_3Tests.swift */,
				84D6D6CB229AC75A00C59905 /* Info.plist */,
			);
			path = MuSound_3Tests;
			sourceTree = "<group>";
		};
		84D6D6D3229AC75A00C59905 /* MuSound_3UITests */ = {
			isa = PBXGroup;
			children = (
				84D6D6D4229AC75A00C59905 /* MuSound_3UITests.swift */,
				84D6D6D6229AC75A00C59905 /* Info.plist */,
			);
			path = MuSound_3UITests;
			sourceTree = "<group>";
		};
/* End PBXGroup section */

/* Begin PBXNativeTarget section */
		84D6D6AD229AC75900C59905 /* MuSound_3 */ = {
			isa = PBXNativeTarget;
			buildConfigurationList = 84D6D6D9229AC75A00C59905 /* Build configuration list for PBXNativeTarget "MuSound_3" */;
			buildPhases = (
				84D6D6AA229AC75900C59905 /* Sources */,
				84D6D6AB229AC75900C59905 /* Frameworks */,
				84D6D6AC229AC75900C59905 /* Resources */,
			);
			buildRules = (
			);
			dependencies = (
			);
			name = MuSound_3;
			productName = MuSound_3;
			productReference = 84D6D6AE229AC75900C59905 /* MuSound_3.app */;
			productType = "com.apple.product-type.application";
		};
		84D6D6C4229AC75A00C59905 /* MuSound_3Tests */ = {
			isa = PBXNativeTarget;
			buildConfigurationList = 84D6D6DC229AC75A00C59905 /* Build configuration list for PBXNativeTarget "MuSound_3Tests" */;
			buildPhases = (
				84D6D6C1229AC75A00C59905 /* Sources */,
				84D6D6C2229AC75A00C59905 /* Frameworks */,
				84D6D6C3229AC75A00C59905 /* Resources */,
			);
			buildRules = (
			);
			dependencies = (
				84D6D6C7229AC75A00C59905 /* PBXTargetDependency */,
			);
			name = MuSound_3Tests;
			productName = MuSound_3Tests;
			productReference = 84D6D6C5229AC75A00C59905 /* MuSound_3Tests.xctest */;
			productType = "com.apple.product-type.bundle.unit-test";
		};
		84D6D6CF229AC75A00C59905 /* MuSound_3UITests */ = {
			isa = PBXNativeTarget;
			buildConfigurationList = 84D6D6DF229AC75A00C59905 /* Build configuration list for PBXNativeTarget "MuSound_3UITests" */;
			buildPhases = (
				84D6D6CC229AC75A00C59905 /* Sources */,
				84D6D6CD229AC75A00C59905 /* Frameworks */,
				84D6D6CE229AC75A00C59905 /* Resources */,
			);
			buildRules = (
			);
			dependencies = (
				84D6D6D2229AC75A00C59905 /* PBXTargetDependency */,
			);
			name = MuSound_3UITests;
			productName = MuSound_3UITests;
			productReference = 84D6D6D0229AC75A00C59905 /* MuSound_3UITests.xctest */;
			productType = "com.apple.product-type.bundle.ui-testing";
		};
/* End PBXNativeTarget section */

/* Begin PBXProject section */
		84D6D6A6229AC75900C59905 /* Project object */ = {
			isa = PBXProject;
			attributes = {
				LastSwiftUpdateCheck = 1010;
				LastUpgradeCheck = 1010;
				ORGANIZATIONNAME = "Monash University";
				TargetAttributes = {
					84D6D6AD229AC75900C59905 = {
						CreatedOnToolsVersion = 10.1;
					};
					84D6D6C4229AC75A00C59905 = {
						CreatedOnToolsVersion = 10.1;
						TestTargetID = 84D6D6AD229AC75900C59905;
					};
					84D6D6CF229AC75A00C59905 = {
						CreatedOnToolsVersion = 10.1;
						TestTargetID = 84D6D6AD229AC75900C59905;
					};
				};
			};
			buildConfigurationList = 84D6D6A9229AC75900C59905 /* Build configuration list for PBXProject "MuSound_3" */;
			compatibilityVersion = "Xcode 9.3";
			developmentRegion = en;
			hasScannedForEncodings = 0;
			knownRegions = (
				en,
				Base,
			);
			mainGroup = 84D6D6A5229AC75900C59905;
			productRefGroup = 84D6D6AF229AC75900C59905 /* Products */;
			projectDirPath = "";
			projectRoot = "";
			targets = (
				84D6D6AD229AC75900C59905 /* MuSound_3 */,
				84D6D6C4229AC75A00C59905 /* MuSound_3Tests */,
				84D6D6CF229AC75A00C59905 /* MuSound_3UITests */,
			);
		};
/* End PBXProject section */

/* Begin PBXResourcesBuildPhase section */
		84D6D6AC229AC75900C59905 /* Resources */ = {
			isa = PBXResourcesBuildPhase;
			buildActionMask = 2147483647;
			files = (
				84D6D6BF229AC75A00C59905 /* LaunchScreen.storyboard in Resources */,
				84D6D6BC229AC75A00C59905 /* Assets.xcassets in Resources */,
				84D6D6B7229AC75900C59905 /* Main.storyboard in Resources */,
			);
			runOnlyForDeploymentPostprocessing = 0;
		};
		84D6D6C3229AC75A00C59905 /* Resources */ = {
			isa = PBXResourcesBuildPhase;
			buildActionMask = 2147483647;
			files = (
			);
			runOnlyForDeploymentPostprocessing = 0;
		};
		84D6D6CE229AC75A00C59905 /* Resources */ = {
			isa = PBXResourcesBuildPhase;
			buildActionMask = 2147483647;
			files = (
			);
			runOnlyForDeploymentPostprocessing = 0;
		};
/* End PBXResourcesBuildPhase section */

/* Begin PBXSourcesBuildPhase section */
		84D6D6AA229AC75900C59905 /* Sources */ = {
			isa = PBXSourcesBuildPhase;
			buildActionMask = 2147483647;
			files = (
				84D6D6B4229AC75900C59905 /* ViewController.swift in Sources */,
				84D6D6BA229AC75900C59905 /* MuSound_3.xcdatamodeld in Sources */,
				84D6D6B2229AC75900C59905 /* AppDelegate.swift in Sources */,
			);
			runOnlyForDeploymentPostprocessing = 0;
		};
		84D6D6C1229AC75A00C59905 /* Sources */ = {
			isa = PBXSourcesBuildPhase;
			buildActionMask = 2147483647;
			files = (
				84D6D6CA229AC75A00C59905 /* MuSound_3Tests.swift in Sources */,
			);
			runOnlyForDeploymentPostprocessing = 0;
		};
		84D6D6CC229AC75A00C59905 /* Sources */ = {
			isa = PBXSourcesBuildPhase;
			buildActionMask = 2147483647;
			files = (
				84D6D6D5229AC75A00C59905 /* MuSound_3UITests.swift in Sources */,
			);
			runOnlyForDeploymentPostprocessing = 0;
		};
/* End PBXSourcesBuildPhase section */

/* Begin PBXTargetDependency section */
		84D6D6C7229AC75A00C59905 /* PBXTargetDependency */ = {
			isa = PBXTargetDependency;
			target = 84D6D6AD229AC75900C59905 /* MuSound_3 */;
			targetProxy = 84D6D6C6229AC75A00C59905 /* PBXContainerItemProxy */;
		};
		84D6D6D2229AC75A00C59905 /* PBXTargetDependency */ = {
			isa = PBXTargetDependency;
			target = 84D6D6AD229AC75900C59905 /* MuSound_3 */;
			targetProxy = 84D6D6D1229AC75A00C59905 /* PBXContainerItemProxy */;
		};
/* End PBXTargetDependency section */

/* Begin PBXVariantGroup section */
		84D6D6B5229AC75900C59905 /* Main.storyboard */ = {
			isa = PBXVariantGroup;
			children = (
				84D6D6B6229AC75900C59905 /* Base */,
			);
			name = Main.storyboard;
			sourceTree = "<group>";
		};
		84D6D6BD229AC75A00C59905 /* LaunchScreen.storyboard */ = {
			isa = PBXVariantGroup;
			children = (
				84D6D6BE229AC75A00C59905 /* Base */,
			);
			name = LaunchScreen.storyboard;
			sourceTree = "<group>";
		};
/* End PBXVariantGroup section */

/* Begin XCBuildConfiguration section */
		84D6D6D7229AC75A00C59905 /* Debug */ = {
			isa = XCBuildConfiguration;
			buildSettings = {
				ALWAYS_SEARCH_USER_PATHS = NO;
				CLANG_ANALYZER_NONNULL = YES;
				CLANG_ANALYZER_NUMBER_OBJECT_CONVERSION = YES_AGGRESSIVE;
				CLANG_CXX_LANGUAGE_STANDARD = "gnu++14";
				CLANG_CXX_LIBRARY = "libc++";
				CLANG_ENABLE_MODULES = YES;
				CLANG_ENABLE_OBJC_ARC = YES;
				CLANG_ENABLE_OBJC_WEAK = YES;
				CLANG_WARN_BLOCK_CAPTURE_AUTORELEASING = YES;
				CLANG_WARN_BOOL_CONVERSION = YES;
				CLANG_WARN_COMMA = YES;
				CLANG_WARN_CONSTANT_CONVERSION = YES;
				CLANG_WARN_DEPRECATED_OBJC_IMPLEMENTATIONS = YES;
				CLANG_WARN_DIRECT_OBJC_ISA_USAGE = YES_ERROR;
				CLANG_WARN_DOCUMENTATION_COMMENTS = YES;
				CLANG_WARN_EMPTY_BODY = YES;
				CLANG_WARN_ENUM_CONVERSION = YES;
				CLANG_WARN_INFINITE_RECURSION = YES;
				CLANG_WARN_INT_CONVERSION = YES;
				CLANG_WARN_NON_LITERAL_NULL_CONVERSION = YES;
				CLANG_WARN_OBJC_IMPLICIT_RETAIN_SELF = YES;
				CLANG_WARN_OBJC_LITERAL_CONVERSION = YES;
				CLANG_WARN_OBJC_ROOT_CLASS = YES_ERROR;
				CLANG_WARN_RANGE_LOOP_ANALYSIS = YES;
				CLANG_WARN_STRICT_PROTOTYPES = YES;
				CLANG_WARN_SUSPICIOUS_MOVE = YES;
				CLANG_WARN_UNGUARDED_AVAILABILITY = YES_AGGRESSIVE;
				CLANG_WARN_UNREACHABLE_CODE = YES;
				CLANG_WARN__DUPLICATE_METHOD_MATCH = YES;
				CODE_SIGN_IDENTITY = "iPhone Developer";
				COPY_PHASE_STRIP = NO;
				DEBUG_INFORMATION_FORMAT = dwarf;
				ENABLE_STRICT_OBJC_MSGSEND = YES;
				ENABLE_TESTABILITY = YES;
				GCC_C_LANGUAGE_STANDARD = gnu11;
				GCC_DYNAMIC_NO_PIC = NO;
				GCC_NO_COMMON_BLOCKS = YES;
				GCC_OPTIMIZATION_LEVEL = 0;
				GCC_PREPROCESSOR_DEFINITIONS = (
					"DEBUG=1",
					"$(inherited)",
				);
				GCC_WARN_64_TO_32_BIT_CONVERSION = YES;
				GCC_WARN_ABOUT_RETURN_TYPE = YES_ERROR;
				GCC_WARN_UNDECLARED_SELECTOR = YES;
				GCC_WARN_UNINITIALIZED_AUTOS = YES_AGGRESSIVE;
				GCC_WARN_UNUSED_FUNCTION = YES;
				GCC_WARN_UNUSED_VARIABLE = YES;
				IPHONEOS_DEPLOYMENT_TARGET = 12.1;
				MTL_ENABLE_DEBUG_INFO = INCLUDE_SOURCE;
				MTL_FAST_MATH = YES;
				ONLY_ACTIVE_ARCH = YES;
				SDKROOT = iphoneos;
				SWIFT_ACTIVE_COMPILATION_CONDITIONS = DEBUG;
				SWIFT_OPTIMIZATION_LEVEL = "-Onone";
			};
			name = Debug;
		};
		84D6D6D8229AC75A00C59905 /* Release */ = {
			isa = XCBuildConfiguration;
			buildSettings = {
				ALWAYS_SEARCH_USER_PATHS = NO;
				CLANG_ANALYZER_NONNULL = YES;
				CLANG_ANALYZER_NUMBER_OBJECT_CONVERSION = YES_AGGRESSIVE;
				CLANG_CXX_LANGUAGE_STANDARD = "gnu++14";
				CLANG_CXX_LIBRARY = "libc++";
				CLANG_ENABLE_MODULES = YES;
				CLANG_ENABLE_OBJC_ARC = YES;
				CLANG_ENABLE_OBJC_WEAK = YES;
				CLANG_WARN_BLOCK_CAPTURE_AUTORELEASING = YES;
				CLANG_WARN_BOOL_CONVERSION = YES;
				CLANG_WARN_COMMA = YES;
				CLANG_WARN_CONSTANT_CONVERSION = YES;
				CLANG_WARN_DEPRECATED_OBJC_IMPLEMENTATIONS = YES;
				CLANG_WARN_DIRECT_OBJC_ISA_USAGE = YES_ERROR;
				CLANG_WARN_DOCUMENTATION_COMMENTS = YES;
				CLANG_WARN_EMPTY_BODY = YES;
				CLANG_WARN_ENUM_CONVERSION = YES;
				CLANG_WARN_INFINITE_RECURSION = YES;
				CLANG_WARN_INT_CONVERSION = YES;
				CLANG_WARN_NON_LITERAL_NULL_CONVERSION = YES;
				CLANG_WARN_OBJC_IMPLICIT_RETAIN_SELF = YES;
				CLANG_WARN_OBJC_LITERAL_CONVERSION = YES;
				CLANG_WARN_OBJC_ROOT_CLASS = YES_ERROR;
				CLANG_WARN_RANGE_LOOP_ANALYSIS = YES;
				CLANG_WARN_STRICT_PROTOTYPES = YES;
				CLANG_WARN_SUSPICIOUS_MOVE = YES;
				CLANG_WARN_UNGUARDED_AVAILABILITY = YES_AGGRESSIVE;
				CLANG_WARN_UNREACHABLE_CODE = YES;
				CLANG_WARN__DUPLICATE_METHOD_MATCH = YES;
				CODE_SIGN_IDENTITY = "iPhone Developer";
				COPY_PHASE_STRIP = NO;
				DEBUG_INFORMATION_FORMAT = "dwarf-with-dsym";
				ENABLE_NS_ASSERTIONS = NO;
				ENABLE_STRICT_OBJC_MSGSEND = YES;
				GCC_C_LANGUAGE_STANDARD = gnu11;
				GCC_NO_COMMON_BLOCKS = YES;
				GCC_WARN_64_TO_32_BIT_CONVERSION = YES;
				GCC_WARN_ABOUT_RETURN_TYPE = YES_ERROR;
				GCC_WARN_UNDECLARED_SELECTOR = YES;
				GCC_WARN_UNINITIALIZED_AUTOS = YES_AGGRESSIVE;
				GCC_WARN_UNUSED_FUNCTION = YES;
				GCC_WARN_UNUSED_VARIABLE = YES;
				IPHONEOS_DEPLOYMENT_TARGET = 12.1;
				MTL_ENABLE_DEBUG_INFO = NO;
				MTL_FAST_MATH = YES;
				SDKROOT = iphoneos;
				SWIFT_COMPILATION_MODE = wholemodule;
				SWIFT_OPTIMIZATION_LEVEL = "-O";
				VALIDATE_PRODUCT = YES;
			};
			name = Release;
		};
		84D6D6DA229AC75A00C59905 /* Debug */ = {
			isa = XCBuildConfiguration;
			buildSettings = {
				ASSETCATALOG_COMPILER_APPICON_NAME = AppIcon;
				CODE_SIGN_STYLE = Automatic;
				DEVELOPMENT_TEAM = F6VL5455FX;
				INFOPLIST_FILE = MuSound_3/Info.plist;
				LD_RUNPATH_SEARCH_PATHS = (
					"$(inherited)",
					"@executable_path/Frameworks",
				);
				PRODUCT_BUNDLE_IDENTIFIER = "Monash.MuSound-3";
				PRODUCT_NAME = "$(TARGET_NAME)";
				SWIFT_VERSION = 4.2;
				TARGETED_DEVICE_FAMILY = "1,2";
			};
			name = Debug;
		};
		84D6D6DB229AC75A00C59905 /* Release */ = {
			isa = XCBuildConfiguration;
			buildSettings = {
				ASSETCATALOG_COMPILER_APPICON_NAME = AppIcon;
				CODE_SIGN_STYLE = Automatic;
				DEVELOPMENT_TEAM = F6VL5455FX;
				INFOPLIST_FILE = MuSound_3/Info.plist;
				LD_RUNPATH_SEARCH_PATHS = (
					"$(inherited)",
					"@executable_path/Frameworks",
				);
				PRODUCT_BUNDLE_IDENTIFIER = "Monash.MuSound-3";
				PRODUCT_NAME = "$(TARGET_NAME)";
				SWIFT_VERSION = 4.2;
				TARGETED_DEVICE_FAMILY = "1,2";
			};
			name = Release;
		};
		84D6D6DD229AC75A00C59905 /* Debug */ = {
			isa = XCBuildConfiguration;
			buildSettings = {
				ALWAYS_EMBED_SWIFT_STANDARD_LIBRARIES = YES;
				BUNDLE_LOADER = "$(TEST_HOST)";
				CODE_SIGN_STYLE = Automatic;
				DEVELOPMENT_TEAM = F6VL5455FX;
				INFOPLIST_FILE = MuSound_3Tests/Info.plist;
				LD_RUNPATH_SEARCH_PATHS = (
					"$(inherited)",
					"@executable_path/Frameworks",
					"@loader_path/Frameworks",
				);
				PRODUCT_BUNDLE_IDENTIFIER = "Monash.MuSound-3Tests";
				PRODUCT_NAME = "$(TARGET_NAME)";
				SWIFT_VERSION = 4.2;
				TARGETED_DEVICE_FAMILY = "1,2";
				TEST_HOST = "$(BUILT_PRODUCTS_DIR)/MuSound_3.app/MuSound_3";
			};
			name = Debug;
		};
		84D6D6DE229AC75A00C59905 /* Release */ = {
			isa = XCBuildConfiguration;
			buildSettings = {
				ALWAYS_EMBED_SWIFT_STANDARD_LIBRARIES = YES;
				BUNDLE_LOADER = "$(TEST_HOST)";
				CODE_SIGN_STYLE = Automatic;
				DEVELOPMENT_TEAM = F6VL5455FX;
				INFOPLIST_FILE = MuSound_3Tests/Info.plist;
				LD_RUNPATH_SEARCH_PATHS = (
					"$(inherited)",
					"@executable_path/Frameworks",
					"@loader_path/Frameworks",
				);
				PRODUCT_BUNDLE_IDENTIFIER = "Monash.MuSound-3Tests";
				PRODUCT_NAME = "$(TARGET_NAME)";
				SWIFT_VERSION = 4.2;
				TARGETED_DEVICE_FAMILY = "1,2";
				TEST_HOST = "$(BUILT_PRODUCTS_DIR)/MuSound_3.app/MuSound_3";
			};
			name = Release;
		};
		84D6D6E0229AC75A00C59905 /* Debug */ = {
			isa = XCBuildConfiguration;
			buildSettings = {
				ALWAYS_EMBED_SWIFT_STANDARD_LIBRARIES = YES;
				CODE_SIGN_STYLE = Automatic;
				DEVELOPMENT_TEAM = F6VL5455FX;
				INFOPLIST_FILE = MuSound_3UITests/Info.plist;
				LD_RUNPATH_SEARCH_PATHS = (
					"$(inherited)",
					"@executable_path/Frameworks",
					"@loader_path/Frameworks",
				);
				PRODUCT_BUNDLE_IDENTIFIER = "Monash.MuSound-3UITests";
				PRODUCT_NAME = "$(TARGET_NAME)";
				SWIFT_VERSION = 4.2;
				TARGETED_DEVICE_FAMILY = "1,2";
				TEST_TARGET_NAME = MuSound_3;
			};
			name = Debug;
		};
		84D6D6E1229AC75A00C59905 /* Release */ = {
			isa = XCBuildConfiguration;
			buildSettings = {
				ALWAYS_EMBED_SWIFT_STANDARD_LIBRARIES = YES;
				CODE_SIGN_STYLE = Automatic;
				DEVELOPMENT_TEAM = F6VL5455FX;
				INFOPLIST_FILE = MuSound_3UITests/Info.plist;
				LD_RUNPATH_SEARCH_PATHS = (
					"$(inherited)",
					"@executable_path/Frameworks",
					"@loader_path/Frameworks",
				);
				PRODUCT_BUNDLE_IDENTIFIER = "Monash.MuSound-3UITests";
				PRODUCT_NAME = "$(TARGET_NAME)";
				SWIFT_VERSION = 4.2;
				TARGETED_DEVICE_FAMILY = "1,2";
				TEST_TARGET_NAME = MuSound_3;
			};
			name = Release;
		};
/* End XCBuildConfiguration section */

/* Begin XCConfigurationList section */
		84D6D6A9229AC75900C59905 /* Build configuration list for PBXProject "MuSound_3" */ = {
			isa = XCConfigurationList;
			buildConfigurations = (
				84D6D6D7229AC75A00C59905 /* Debug */,
				84D6D6D8229AC75A00C59905 /* Release */,
			);
			defaultConfigurationIsVisible = 0;
			defaultConfigurationName = Release;
		};
		84D6D6D9229AC75A00C59905 /* Build configuration list for PBXNativeTarget "MuSound_3" */ = {
			isa = XCConfigurationList;
			buildConfigurations = (
				84D6D6DA229AC75A00C59905 /* Debug */,
				84D6D6DB229AC75A00C59905 /* Release */,
			);
			defaultConfigurationIsVisible = 0;
			defaultConfigurationName = Release;
		};
		84D6D6DC229AC75A00C59905 /* Build configuration list for PBXNativeTarget "MuSound_3Tests" */ = {
			isa = XCConfigurationList;
			buildConfigurations = (
				84D6D6DD229AC75A00C59905 /* Debug */,
				84D6D6DE229AC75A00C59905 /* Release */,
			);
			defaultConfigurationIsVisible = 0;
			defaultConfigurationName = Release;
		};
		84D6D6DF229AC75A00C59905 /* Build configuration list for PBXNativeTarget "MuSound_3UITests" */ = {
			isa = XCConfigurationList;
			buildConfigurations = (
				84D6D6E0229AC75A00C59905 /* Debug */,
				84D6D6E1229AC75A00C59905 /* Release */,
			);
			defaultConfigurationIsVisible = 0;
			defaultConfigurationName = Release;
		};
/* End XCConfigurationList section */

/* Begin XCVersionGroup section */
		84D6D6B8229AC75900C59905 /* MuSound_3.xcdatamodeld */ = {
			isa = XCVersionGroup;
			children = (
				84D6D6B9229AC75900C59905 /* MuSound_3.xcdatamodel */,
			);
			currentVersion = 84D6D6B9229AC75900C59905 /* MuSound_3.xcdatamodel */;
			path = MuSound_3.xcdatamodeld;
			sourceTree = "<group>";
			versionGroupType = wrapper.xcdatamodel;
		};
/* End XCVersionGroup section */
	};
	rootObject = 84D6D6A6229AC75900C59905 /* Project object */;
}
